
Microsoft Visual Studio Solution File, Format Version 12.00
# Visual Studio Version 17
VisualStudioVersion = 17.8.34322.80
MinimumVisualStudioVersion = 10.0.40219.1
Project("{FAE04EC0-301F-11D3-BF4B-00C04F79EFBC}") = "FasterStart", "FasterStart\FasterStart.csproj", "{1794C9E2-6213-4024-B55E-67F56DA5B373}"
EndProject
Global
	GlobalSection(SolutionConfigurationPlatforms) = preSolution
		Debug|Any CPU = Debug|Any CPU
		Release|Any CPU = Release|Any CPU
	EndGlobalSection
	GlobalSection(ProjectConfigurationPlatforms) = postSolution
		{1794C9E2-6213-4024-B55E-67F56DA5B373}.Debug|Any CPU.ActiveCfg = Debug|Any CPU
		{1794C9E2-6213-4024-B55E-67F56DA5B373}.Debug|Any CPU.Build.0 = Debug|Any CPU
		{1794C9E2-6213-4024-B55E-67F56DA5B373}.Release|Any CPU.ActiveCfg = Release|Any CPU
		{1794C9E2-6213-4024-B55E-67F56DA5B373}.Release|Any CPU.Build.0 = Release|Any CPU
	EndGlobalSection
	GlobalSection(SolutionProperties) = preSolution
		HideSolutionNode = FALSE
	EndGlobalSection
	GlobalSection(ExtensibilityGlobals) = postSolution
		SolutionGuid = {746EAE8F-86E9-4202-9C98-A5C8A48FD8A6}
	EndGlobalSection
EndGlobal
